
Microsoft Visual Studio Solution File, Format Version 12.00
# Visual Studio 14
VisualStudioVersion = 14.0.25123.0
MinimumVisualStudioVersion = 10.0.40219.1
Project("{75339450-E8A1-4AD0-B077-FC95B95FC68F}") = "Sitecore.Support.6484", "Sitecore.Support.6484\Sitecore.Support.6484.csproj", "{EEB802AE-32C4-442F-9164-D6AB129AEC57}"
EndProject
Global
	GlobalSection(SolutionConfigurationPlatforms) = preSolution
		Debug|Any CPU = Debug|Any CPU
		Release|Any CPU = Release|Any CPU
	EndGlobalSection
	GlobalSection(ProjectConfigurationPlatforms) = postSolution
		{EEB802AE-32C4-442F-9164-D6AB129AEC57}.Debug|Any CPU.ActiveCfg = Debug|Any CPU
		{EEB802AE-32C4-442F-9164-D6AB129AEC57}.Debug|Any CPU.Build.0 = Debug|Any CPU
		{EEB802AE-32C4-442F-9164-D6AB129AEC57}.Release|Any CPU.ActiveCfg = Release|Any CPU
		{EEB802AE-32C4-442F-9164-D6AB129AEC57}.Release|Any CPU.Build.0 = Release|Any CPU
	EndGlobalSection
	GlobalSection(SolutionProperties) = preSolution
		HideSolutionNode = FALSE
	EndGlobalSection
EndGlobal
